// !$*UTF8*$!
{
	archiveVersion = 1;
	classes = {
	};
	objectVersion = 50;
	objects = {

/* Begin PBXBuildFile section */
		8B1CC2F521E796CE00748B76 /* AppDelegate.swift in Sources */ = {isa = PBXBuildFile; fileRef = 8B1CC2F421E796CE00748B76 /* AppDelegate.swift */; };
		8B1CC2F721E796CE00748B76 /* art.scnassets in Resources */ = {isa = PBXBuildFile; fileRef = 8B1CC2F621E796CE00748B76 /* art.scnassets */; };
		8B1CC2F921E796CE00748B76 /* ViewController.swift in Sources */ = {isa = PBXBuildFile; fileRef = 8B1CC2F821E796CE00748B76 /* ViewController.swift */; };
		8B1CC2FC21E796CE00748B76 /* Main.storyboard in Resources */ = {isa = PBXBuildFile; fileRef = 8B1CC2FA21E796CE00748B76 /* Main.storyboard */; };
		8B1CC2FE21E796CE00748B76 /* Assets.xcassets in Resources */ = {isa = PBXBuildFile; fileRef = 8B1CC2FD21E796CE00748B76 /* Assets.xcassets */; };
		8B1CC30121E796CE00748B76 /* LaunchScreen.storyboard in Resources */ = {isa = PBXBuildFile; fileRef = 8B1CC2FF21E796CE00748B76 /* LaunchScreen.storyboard */; };
		8B1CC30C21E79D9F00748B76 /* explosion.mp3 in Resources */ = {isa = PBXBuildFile; fileRef = 8B1CC30921E79D9F00748B76 /* explosion.mp3 */; };
		8B1CC30D21E79D9F00748B76 /* mossbergShotgun.wav in Resources */ = {isa = PBXBuildFile; fileRef = 8B1CC30A21E79D9F00748B76 /* mossbergShotgun.wav */; };
		8B1CC31421E79DB400748B76 /* smoke.scnp in Resources */ = {isa = PBXBuildFile; fileRef = 8B1CC31021E79DB400748B76 /* smoke.scnp */; };
		8B1CC31521E79DB400748B76 /* spark.png in Resources */ = {isa = PBXBuildFile; fileRef = 8B1CC31121E79DB400748B76 /* spark.png */; };
		8B1CC31621E79DB400748B76 /* smoke.png in Resources */ = {isa = PBXBuildFile; fileRef = 8B1CC31221E79DB400748B76 /* smoke.png */; };
		8B1CC31721E79DB400748B76 /* fire.scnp in Resources */ = {isa = PBXBuildFile; fileRef = 8B1CC31321E79DB400748B76 /* fire.scnp */; };
		8B1CC31921E7AEAD00748B76 /* HomeViewController.swift in Sources */ = {isa = PBXBuildFile; fileRef = 8B1CC31821E7AEAD00748B76 /* HomeViewController.swift */; };
		8BFEA3C021E7F16900EDE401 /* savage.aiff in Resources */ = {isa = PBXBuildFile; fileRef = 8BFEA3BF21E7F16900EDE401 /* savage.aiff */; };
/* End PBXBuildFile section */

/* Begin PBXFileReference section */
		8B1CC2F121E796CE00748B76 /* UnicoptAR.app */ = {isa = PBXFileReference; explicitFileType = wrapper.application; includeInIndex = 0; path = UnicoptAR.app; sourceTree = BUILT_PRODUCTS_DIR; };
		8B1CC2F421E796CE00748B76 /* AppDelegate.swift */ = {isa = PBXFileReference; lastKnownFileType = sourcecode.swift; path = AppDelegate.swift; sourceTree = "<group>"; };
		8B1CC2F621E796CE00748B76 /* art.scnassets */ = {isa = PBXFileReference; lastKnownFileType = wrapper.scnassets; path = art.scnassets; sourceTree = "<group>"; };
		8B1CC2F821E796CE00748B76 /* ViewController.swift */ = {isa = PBXFileReference; lastKnownFileType = sourcecode.swift; path = ViewController.swift; sourceTree = "<group>"; };
		8B1CC2FB21E796CE00748B76 /* Base */ = {isa = PBXFileReference; lastKnownFileType = file.storyboard; name = Base; path = Base.lproj/Main.storyboard; sourceTree = "<group>"; };
		8B1CC2FD21E796CE00748B76 /* Assets.xcassets */ = {isa = PBXFileReference; lastKnownFileType = folder.assetcatalog; path = Assets.xcassets; sourceTree = "<group>"; };
		8B1CC30021E796CE00748B76 /* Base */ = {isa = PBXFileReference; lastKnownFileType = file.storyboard; name = Base; path = Base.lproj/LaunchScreen.storyboard; sourceTree = "<group>"; };
		8B1CC30221E796CE00748B76 /* Info.plist */ = {isa = PBXFileReference; lastKnownFileType = text.plist.xml; path = Info.plist; sourceTree = "<group>"; };
		8B1CC30921E79D9F00748B76 /* explosion.mp3 */ = {isa = PBXFileReference; lastKnownFileType = audio.mp3; path = explosion.mp3; sourceTree = "<group>"; };
		8B1CC30A21E79D9F00748B76 /* mossbergShotgun.wav */ = {isa = PBXFileReference; lastKnownFileType = audio.wav; path = mossbergShotgun.wav; sourceTree = "<group>"; };
		8B1CC31021E79DB400748B76 /* smoke.scnp */ = {isa = PBXFileReference; lastKnownFileType = file.scp; path = smoke.scnp; sourceTree = "<group>"; };
		8B1CC31121E79DB400748B76 /* spark.png */ = {isa = PBXFileReference; lastKnownFileType = image.png; path = spark.png; sourceTree = "<group>"; };
		8B1CC31221E79DB400748B76 /* smoke.png */ = {isa = PBXFileReference; lastKnownFileType = image.png; path = smoke.png; sourceTree = "<group>"; };
		8B1CC31321E79DB400748B76 /* fire.scnp */ = {isa = PBXFileReference; lastKnownFileType = file.scp; path = fire.scnp; sourceTree = "<group>"; };
		8B1CC31821E7AEAD00748B76 /* HomeViewController.swift */ = {isa = PBXFileReference; lastKnownFileType = sourcecode.swift; path = HomeViewController.swift; sourceTree = "<group>"; };
		8BFEA3BF21E7F16900EDE401 /* savage.aiff */ = {isa = PBXFileReference; lastKnownFileType = audio.aiff; path = savage.aiff; sourceTree = "<group>"; };
/* End PBXFileReference section */

/* Begin PBXFrameworksBuildPhase section */
		8B1CC2EE21E796CE00748B76 /* Frameworks */ = {
			isa = PBXFrameworksBuildPhase;
			buildActionMask = 2147483647;
			files = (
			);
			runOnlyForDeploymentPostprocessing = 0;
		};
/* End PBXFrameworksBuildPhase section */

/* Begin PBXGroup section */
		8B1CC2E821E796CE00748B76 = {
			isa = PBXGroup;
			children = (
				8B1CC2F321E796CE00748B76 /* UnicoptAR */,
				8B1CC2F221E796CE00748B76 /* Products */,
			);
			sourceTree = "<group>";
		};
		8B1CC2F221E796CE00748B76 /* Products */ = {
			isa = PBXGroup;
			children = (
				8B1CC2F121E796CE00748B76 /* UnicoptAR.app */,
			);
			name = Products;
			sourceTree = "<group>";
		};
		8B1CC2F321E796CE00748B76 /* UnicoptAR */ = {
			isa = PBXGroup;
			children = (
				8B1CC30F21E79DB400748B76 /* Particles */,
				8B1CC30821E79D9F00748B76 /* Sounds */,
				8B1CC2F421E796CE00748B76 /* AppDelegate.swift */,
				8B1CC2F621E796CE00748B76 /* art.scnassets */,
				8B1CC2F821E796CE00748B76 /* ViewController.swift */,
				8B1CC2FA21E796CE00748B76 /* Main.storyboard */,
				8B1CC31821E7AEAD00748B76 /* HomeViewController.swift */,
				8B1CC2FD21E796CE00748B76 /* Assets.xcassets */,
				8B1CC2FF21E796CE00748B76 /* LaunchScreen.storyboard */,
				8B1CC30221E796CE00748B76 /* Info.plist */,
			);
			path = UnicoptAR;
			sourceTree = "<group>";
		};
		8B1CC30821E79D9F00748B76 /* Sounds */ = {
			isa = PBXGroup;
			children = (
				8B1CC30921E79D9F00748B76 /* explosion.mp3 */,
				8B1CC30A21E79D9F00748B76 /* mossbergShotgun.wav */,
				8BFEA3BF21E7F16900EDE401 /* savage.aiff */,
			);
			path = Sounds;
			sourceTree = "<group>";
		};
		8B1CC30F21E79DB400748B76 /* Particles */ = {
			isa = PBXGroup;
			children = (
				8B1CC31021E79DB400748B76 /* smoke.scnp */,
				8B1CC31121E79DB400748B76 /* spark.png */,
				8B1CC31221E79DB400748B76 /* smoke.png */,
				8B1CC31321E79DB400748B76 /* fire.scnp */,
			);
			path = Particles;
			sourceTree = "<group>";
		};
/* End PBXGroup section */

/* Begin PBXNativeTarget section */
		8B1CC2F021E796CE00748B76 /* UnicoptAR */ = {
			isa = PBXNativeTarget;
			buildConfigurationList = 8B1CC30521E796CE00748B76 /* Build configuration list for PBXNativeTarget "UnicoptAR" */;
			buildPhases = (
				8B1CC2ED21E796CE00748B76 /* Sources */,
				8B1CC2EE21E796CE00748B76 /* Frameworks */,
				8B1CC2EF21E796CE00748B76 /* Resources */,
			);
			buildRules = (
			);
			dependencies = (
			);
			name = UnicoptAR;
			productName = UnicoptAR;
			productReference = 8B1CC2F121E796CE00748B76 /* UnicoptAR.app */;
			productType = "com.apple.product-type.application";
		};
/* End PBXNativeTarget section */

/* Begin PBXProject section */
		8B1CC2E921E796CE00748B76 /* Project object */ = {
			isa = PBXProject;
			attributes = {
				LastSwiftUpdateCheck = 1010;
				LastUpgradeCheck = 1010;
				ORGANIZATIONNAME = "Kevin M. Thomas";
				TargetAttributes = {
					8B1CC2F021E796CE00748B76 = {
						CreatedOnToolsVersion = 10.1;
					};
				};
			};
			buildConfigurationList = 8B1CC2EC21E796CE00748B76 /* Build configuration list for PBXProject "UnicoptAR" */;
			compatibilityVersion = "Xcode 9.3";
			developmentRegion = en;
			hasScannedForEncodings = 0;
			knownRegions = (
				en,
				Base,
			);
			mainGroup = 8B1CC2E821E796CE00748B76;
			productRefGroup = 8B1CC2F221E796CE00748B76 /* Products */;
			projectDirPath = "";
			projectRoot = "";
			targets = (
				8B1CC2F021E796CE00748B76 /* UnicoptAR */,
			);
		};
/* End PBXProject section */

/* Begin PBXResourcesBuildPhase section */
		8B1CC2EF21E796CE00748B76 /* Resources */ = {
			isa = PBXResourcesBuildPhase;
			buildActionMask = 2147483647;
			files = (
				8B1CC2F721E796CE00748B76 /* art.scnassets in Resources */,
				8B1CC31521E79DB400748B76 /* spark.png in Resources */,
				8B1CC30D21E79D9F00748B76 /* mossbergShotgun.wav in Resources */,
				8B1CC30121E796CE00748B76 /* LaunchScreen.storyboard in Resources */,
				8B1CC31421E79DB400748B76 /* smoke.scnp in Resources */,
				8B1CC2FE21E796CE00748B76 /* Assets.xcassets in Resources */,
				8B1CC2FC21E796CE00748B76 /* Main.storyboard in Resources */,
				8B1CC31721E79DB400748B76 /* fire.scnp in Resources */,
				8B1CC31621E79DB400748B76 /* smoke.png in Resources */,
				8B1CC30C21E79D9F00748B76 /* explosion.mp3 in Resources */,
				8BFEA3C021E7F16900EDE401 /* savage.aiff in Resources */,
			);
			runOnlyForDeploymentPostprocessing = 0;
		};
/* End PBXResourcesBuildPhase section */

/* Begin PBXSourcesBuildPhase section */
		8B1CC2ED21E796CE00748B76 /* Sources */ = {
			isa = PBXSourcesBuildPhase;
			buildActionMask = 2147483647;
			files = (
				8B1CC2F921E796CE00748B76 /* ViewController.swift in Sources */,
				8B1CC2F521E796CE00748B76 /* AppDelegate.swift in Sources */,
				8B1CC31921E7AEAD00748B76 /* HomeViewController.swift in Sources */,
			);
			runOnlyForDeploymentPostprocessing = 0;
		};
/* End PBXSourcesBuildPhase section */

/* Begin PBXVariantGroup section */
		8B1CC2FA21E796CE00748B76 /* Main.storyboard */ = {
			isa = PBXVariantGroup;
			children = (
				8B1CC2FB21E796CE00748B76 /* Base */,
			);
			name = Main.storyboard;
			sourceTree = "<group>";
		};
		8B1CC2FF21E796CE00748B76 /* LaunchScreen.storyboard */ = {
			isa = PBXVariantGroup;
			children = (
				8B1CC30021E796CE00748B76 /* Base */,
			);
			name = LaunchScreen.storyboard;
			sourceTree = "<group>";
		};
/* End PBXVariantGroup section */

/* Begin XCBuildConfiguration section */
		8B1CC30321E796CE00748B76 /* Debug */ = {
			isa = XCBuildConfiguration;
			buildSettings = {
				ALWAYS_SEARCH_USER_PATHS = NO;
				CLANG_ANALYZER_NONNULL = YES;
				CLANG_ANALYZER_NUMBER_OBJECT_CONVERSION = YES_AGGRESSIVE;
				CLANG_CXX_LANGUAGE_STANDARD = "gnu++14";
				CLANG_CXX_LIBRARY = "libc++";
				CLANG_ENABLE_MODULES = YES;
				CLANG_ENABLE_OBJC_ARC = YES;
				CLANG_ENABLE_OBJC_WEAK = YES;
				CLANG_WARN_BLOCK_CAPTURE_AUTORELEASING = YES;
				CLANG_WARN_BOOL_CONVERSION = YES;
				CLANG_WARN_COMMA = YES;
				CLANG_WARN_CONSTANT_CONVERSION = YES;
				CLANG_WARN_DEPRECATED_OBJC_IMPLEMENTATIONS = YES;
				CLANG_WARN_DIRECT_OBJC_ISA_USAGE = YES_ERROR;
				CLANG_WARN_DOCUMENTATION_COMMENTS = YES;
				CLANG_WARN_EMPTY_BODY = YES;
				CLANG_WARN_ENUM_CONVERSION = YES;
				CLANG_WARN_INFINITE_RECURSION = YES;
				CLANG_WARN_INT_CONVERSION = YES;
				CLANG_WARN_NON_LITERAL_NULL_CONVERSION = YES;
				CLANG_WARN_OBJC_IMPLICIT_RETAIN_SELF = YES;
				CLANG_WARN_OBJC_LITERAL_CONVERSION = YES;
				CLANG_WARN_OBJC_ROOT_CLASS = YES_ERROR;
				CLANG_WARN_RANGE_LOOP_ANALYSIS = YES;
				CLANG_WARN_STRICT_PROTOTYPES = YES;
				CLANG_WARN_SUSPICIOUS_MOVE = YES;
				CLANG_WARN_UNGUARDED_AVAILABILITY = YES_AGGRESSIVE;
				CLANG_WARN_UNREACHABLE_CODE = YES;
				CLANG_WARN__DUPLICATE_METHOD_MATCH = YES;
				CODE_SIGN_IDENTITY = "iPhone Developer";
				COPY_PHASE_STRIP = NO;
				DEBUG_INFORMATION_FORMAT = dwarf;
				ENABLE_STRICT_OBJC_MSGSEND = YES;
				ENABLE_TESTABILITY = YES;
				GCC_C_LANGUAGE_STANDARD = gnu11;
				GCC_DYNAMIC_NO_PIC = NO;
				GCC_NO_COMMON_BLOCKS = YES;
				GCC_OPTIMIZATION_LEVEL = 0;
				GCC_PREPROCESSOR_DEFINITIONS = (
					"DEBUG=1",
					"$(inherited)",
				);
				GCC_WARN_64_TO_32_BIT_CONVERSION = YES;
				GCC_WARN_ABOUT_RETURN_TYPE = YES_ERROR;
				GCC_WARN_UNDECLARED_SELECTOR = YES;
				GCC_WARN_UNINITIALIZED_AUTOS = YES_AGGRESSIVE;
				GCC_WARN_UNUSED_FUNCTION = YES;
				GCC_WARN_UNUSED_VARIABLE = YES;
				IPHONEOS_DEPLOYMENT_TARGET = 12.1;
				MTL_ENABLE_DEBUG_INFO = INCLUDE_SOURCE;
				MTL_FAST_MATH = YES;
				ONLY_ACTIVE_ARCH = YES;
				SDKROOT = iphoneos;
				SWIFT_ACTIVE_COMPILATION_CONDITIONS = DEBUG;
				SWIFT_OPTIMIZATION_LEVEL = "-Onone";
			};
			name = Debug;
		};
		8B1CC30421E796CE00748B76 /* Release */ = {
			isa = XCBuildConfiguration;
			buildSettings = {
				ALWAYS_SEARCH_USER_PATHS = NO;
				CLANG_ANALYZER_NONNULL = YES;
				CLANG_ANALYZER_NUMBER_OBJECT_CONVERSION = YES_AGGRESSIVE;
				CLANG_CXX_LANGUAGE_STANDARD = "gnu++14";
				CLANG_CXX_LIBRARY = "libc++";
				CLANG_ENABLE_MODULES = YES;
				CLANG_ENABLE_OBJC_ARC = YES;
				CLANG_ENABLE_OBJC_WEAK = YES;
				CLANG_WARN_BLOCK_CAPTURE_AUTORELEASING = YES;
				CLANG_WARN_BOOL_CONVERSION = YES;
				CLANG_WARN_COMMA = YES;
				CLANG_WARN_CONSTANT_CONVERSION = YES;
				CLANG_WARN_DEPRECATED_OBJC_IMPLEMENTATIONS = YES;
				CLANG_WARN_DIRECT_OBJC_ISA_USAGE = YES_ERROR;
				CLANG_WARN_DOCUMENTATION_COMMENTS = YES;
				CLANG_WARN_EMPTY_BODY = YES;
				CLANG_WARN_ENUM_CONVERSION = YES;
				CLANG_WARN_INFINITE_RECURSION = YES;
				CLANG_WARN_INT_CONVERSION = YES;
				CLANG_WARN_NON_LITERAL_NULL_CONVERSION = YES;
				CLANG_WARN_OBJC_IMPLICIT_RETAIN_SELF = YES;
				CLANG_WARN_OBJC_LITERAL_CONVERSION = YES;
				CLANG_WARN_OBJC_ROOT_CLASS = YES_ERROR;
				CLANG_WARN_RANGE_LOOP_ANALYSIS = YES;
				CLANG_WARN_STRICT_PROTOTYPES = YES;
				CLANG_WARN_SUSPICIOUS_MOVE = YES;
				CLANG_WARN_UNGUARDED_AVAILABILITY = YES_AGGRESSIVE;
				CLANG_WARN_UNREACHABLE_CODE = YES;
				CLANG_WARN__DUPLICATE_METHOD_MATCH = YES;
				CODE_SIGN_IDENTITY = "iPhone Developer";
				COPY_PHASE_STRIP = NO;
				DEBUG_INFORMATION_FORMAT = "dwarf-with-dsym";
				ENABLE_NS_ASSERTIONS = NO;
				ENABLE_STRICT_OBJC_MSGSEND = YES;
				GCC_C_LANGUAGE_STANDARD = gnu11;
				GCC_NO_COMMON_BLOCKS = YES;
				GCC_WARN_64_TO_32_BIT_CONVERSION = YES;
				GCC_WARN_ABOUT_RETURN_TYPE = YES_ERROR;
				GCC_WARN_UNDECLARED_SELECTOR = YES;
				GCC_WARN_UNINITIALIZED_AUTOS = YES_AGGRESSIVE;
				GCC_WARN_UNUSED_FUNCTION = YES;
				GCC_WARN_UNUSED_VARIABLE = YES;
				IPHONEOS_DEPLOYMENT_TARGET = 12.1;
				MTL_ENABLE_DEBUG_INFO = NO;
				MTL_FAST_MATH = YES;
				SDKROOT = iphoneos;
				SWIFT_COMPILATION_MODE = wholemodule;
				SWIFT_OPTIMIZATION_LEVEL = "-O";
				VALIDATE_PRODUCT = YES;
			};
			name = Release;
		};
		8B1CC30621E796CE00748B76 /* Debug */ = {
			isa = XCBuildConfiguration;
			buildSettings = {
				ASSETCATALOG_COMPILER_APPICON_NAME = AppIcon;
				CODE_SIGN_STYLE = Automatic;
				DEVELOPMENT_TEAM = 2927N62767;
				INFOPLIST_FILE = UnicoptAR/Info.plist;
				LD_RUNPATH_SEARCH_PATHS = (
					"$(inherited)",
					"@executable_path/Frameworks",
				);
				PRODUCT_BUNDLE_IDENTIFIER = com.mytechnotalent.UnicoptAR;
				PRODUCT_NAME = "$(TARGET_NAME)";
				SWIFT_VERSION = 4.2;
				TARGETED_DEVICE_FAMILY = "1,2";
			};
			name = Debug;
		};
		8B1CC30721E796CE00748B76 /* Release */ = {
			isa = XCBuildConfiguration;
			buildSettings = {
				ASSETCATALOG_COMPILER_APPICON_NAME = AppIcon;
				CODE_SIGN_STYLE = Automatic;
				DEVELOPMENT_TEAM = 2927N62767;
				INFOPLIST_FILE = UnicoptAR/Info.plist;
				LD_RUNPATH_SEARCH_PATHS = (
					"$(inherited)",
					"@executable_path/Frameworks",
				);
				PRODUCT_BUNDLE_IDENTIFIER = com.mytechnotalent.UnicoptAR;
				PRODUCT_NAME = "$(TARGET_NAME)";
				SWIFT_VERSION = 4.2;
				TARGETED_DEVICE_FAMILY = "1,2";
			};
			name = Release;
		};
/* End XCBuildConfiguration section */

/* Begin XCConfigurationList section */
		8B1CC2EC21E796CE00748B76 /* Build configuration list for PBXProject "UnicoptAR" */ = {
			isa = XCConfigurationList;
			buildConfigurations = (
				8B1CC30321E796CE00748B76 /* Debug */,
				8B1CC30421E796CE00748B76 /* Release */,
			);
			defaultConfigurationIsVisible = 0;
			defaultConfigurationName = Release;
		};
		8B1CC30521E796CE00748B76 /* Build configuration list for PBXNativeTarget "UnicoptAR" */ = {
			isa = XCConfigurationList;
			buildConfigurations = (
				8B1CC30621E796CE00748B76 /* Debug */,
				8B1CC30721E796CE00748B76 /* Release */,
			);
			defaultConfigurationIsVisible = 0;
			defaultConfigurationName = Release;
		};
/* End XCConfigurationList section */
	};
	rootObject = 8B1CC2E921E796CE00748B76 /* Project object */;
}
